
Microsoft Visual Studio Solution File, Format Version 12.00
# Visual Studio Version 16
VisualStudioVersion = 16.0.31424.327
MinimumVisualStudioVersion = 10.0.40219.1
Project("{FAE04EC0-301F-11D3-BF4B-00C04F79EFBC}") = "ProjectWithMvvm", "ProjectWithMvvm\ProjectWithMvvm.csproj", "{BC027626-F252-4AAC-9861-DFD2951C373B}"
EndProject
Global
	GlobalSection(SolutionConfigurationPlatforms) = preSolution
		Debug|Any CPU = Debug|Any CPU
		Release|Any CPU = Release|Any CPU
	EndGlobalSection
	GlobalSection(ProjectConfigurationPlatforms) = postSolution
		{BC027626-F252-4AAC-9861-DFD2951C373B}.Debug|Any CPU.ActiveCfg = Debug|Any CPU
		{BC027626-F252-4AAC-9861-DFD2951C373B}.Debug|Any CPU.Build.0 = Debug|Any CPU
		{BC027626-F252-4AAC-9861-DFD2951C373B}.Release|Any CPU.ActiveCfg = Release|Any CPU
		{BC027626-F252-4AAC-9861-DFD2951C373B}.Release|Any CPU.Build.0 = Release|Any CPU
	EndGlobalSection
	GlobalSection(SolutionProperties) = preSolution
		HideSolutionNode = FALSE
	EndGlobalSection
	GlobalSection(ExtensibilityGlobals) = postSolution
		SolutionGuid = {D7865F71-A3A3-4D75-8CD5-041B1621AF91}
	EndGlobalSection
EndGlobal
